// !$*UTF8*$!
{
	archiveVersion = 1;
	classes = {
	};
	objectVersion = 50;
	objects = {

/* Begin PBXBuildFile section */
		3546DE82E24CE450E448EFF9 /* libPods-ReadLetTests.a in Frameworks */ = {isa = PBXBuildFile; fileRef = AC0BD5E1B549AFC1EF947B7E /* libPods-ReadLetTests.a */; };
		67BE60C09EE77F37A85192D6 /* libPods-ReadLetUITests.a in Frameworks */ = {isa = PBXBuildFile; fileRef = 8CB698B439D8E6E2E1002968 /* libPods-ReadLetUITests.a */; };
		8531367E22812367009EB0D2 /* AppDelegate.m in Sources */ = {isa = PBXBuildFile; fileRef = 8531367D22812367009EB0D2 /* AppDelegate.m */; };
		8531368122812367009EB0D2 /* ViewController.m in Sources */ = {isa = PBXBuildFile; fileRef = 8531368022812367009EB0D2 /* ViewController.m */; };
		8531368622812368009EB0D2 /* Assets.xcassets in Resources */ = {isa = PBXBuildFile; fileRef = 8531368522812368009EB0D2 /* Assets.xcassets */; };
		8531368C22812368009EB0D2 /* main.m in Sources */ = {isa = PBXBuildFile; fileRef = 8531368B22812368009EB0D2 /* main.m */; };
		8531369622812368009EB0D2 /* ReadLetTests.m in Sources */ = {isa = PBXBuildFile; fileRef = 8531369522812368009EB0D2 /* ReadLetTests.m */; };
		853136A122812368009EB0D2 /* ReadLetUITests.m in Sources */ = {isa = PBXBuildFile; fileRef = 853136A022812368009EB0D2 /* ReadLetUITests.m */; };
		853136B12281241E009EB0D2 /* MainScreenViewController.m in Sources */ = {isa = PBXBuildFile; fileRef = 853136B02281241E009EB0D2 /* MainScreenViewController.m */; };
		853136B522812471009EB0D2 /* NewsLetter.m in Sources */ = {isa = PBXBuildFile; fileRef = 853136B422812471009EB0D2 /* NewsLetter.m */; };
		853136B922812EA0009EB0D2 /* NewsLetterElementView.m in Sources */ = {isa = PBXBuildFile; fileRef = 853136B822812EA0009EB0D2 /* NewsLetterElementView.m */; };
		853136BC228136D9009EB0D2 /* ContentViewController.m in Sources */ = {isa = PBXBuildFile; fileRef = 853136BB228136D9009EB0D2 /* ContentViewController.m */; };
		E905559239350BECC7F0D861 /* libPods-ReadLet.a in Frameworks */ = {isa = PBXBuildFile; fileRef = 2253829BDE3607337ABC26D1 /* libPods-ReadLet.a */; };
/* End PBXBuildFile section */

/* Begin PBXContainerItemProxy section */
		8531369222812368009EB0D2 /* PBXContainerItemProxy */ = {
			isa = PBXContainerItemProxy;
			containerPortal = 8531367122812367009EB0D2 /* Project object */;
			proxyType = 1;
			remoteGlobalIDString = 8531367822812367009EB0D2;
			remoteInfo = ReadLet;
		};
		8531369D22812368009EB0D2 /* PBXContainerItemProxy */ = {
			isa = PBXContainerItemProxy;
			containerPortal = 8531367122812367009EB0D2 /* Project object */;
			proxyType = 1;
			remoteGlobalIDString = 8531367822812367009EB0D2;
			remoteInfo = ReadLet;
		};
/* End PBXContainerItemProxy section */

/* Begin PBXFileReference section */
		2253829BDE3607337ABC26D1 /* libPods-ReadLet.a */ = {isa = PBXFileReference; explicitFileType = archive.ar; includeInIndex = 0; path = "libPods-ReadLet.a"; sourceTree = BUILT_PRODUCTS_DIR; };
		56DD1BD48A515D1D65FBA0F3 /* Pods-ReadLet.debug.xcconfig */ = {isa = PBXFileReference; includeInIndex = 1; lastKnownFileType = text.xcconfig; name = "Pods-ReadLet.debug.xcconfig"; path = "Pods/Target Support Files/Pods-ReadLet/Pods-ReadLet.debug.xcconfig"; sourceTree = "<group>"; };
		8531367922812367009EB0D2 /* ReadLet.app */ = {isa = PBXFileReference; explicitFileType = wrapper.application; includeInIndex = 0; path = ReadLet.app; sourceTree = BUILT_PRODUCTS_DIR; };
		8531367C22812367009EB0D2 /* AppDelegate.h */ = {isa = PBXFileReference; lastKnownFileType = sourcecode.c.h; path = AppDelegate.h; sourceTree = "<group>"; };
		8531367D22812367009EB0D2 /* AppDelegate.m */ = {isa = PBXFileReference; lastKnownFileType = sourcecode.c.objc; path = AppDelegate.m; sourceTree = "<group>"; };
		8531367F22812367009EB0D2 /* ViewController.h */ = {isa = PBXFileReference; lastKnownFileType = sourcecode.c.h; path = ViewController.h; sourceTree = "<group>"; };
		8531368022812367009EB0D2 /* ViewController.m */ = {isa = PBXFileReference; lastKnownFileType = sourcecode.c.objc; path = ViewController.m; sourceTree = "<group>"; };
		8531368522812368009EB0D2 /* Assets.xcassets */ = {isa = PBXFileReference; lastKnownFileType = folder.assetcatalog; path = Assets.xcassets; sourceTree = "<group>"; };
		8531368A22812368009EB0D2 /* Info.plist */ = {isa = PBXFileReference; lastKnownFileType = text.plist.xml; path = Info.plist; sourceTree = "<group>"; };
		8531368B22812368009EB0D2 /* main.m */ = {isa = PBXFileReference; lastKnownFileType = sourcecode.c.objc; path = main.m; sourceTree = "<group>"; };
		8531369122812368009EB0D2 /* ReadLetTests.xctest */ = {isa = PBXFileReference; explicitFileType = wrapper.cfbundle; includeInIndex = 0; path = ReadLetTests.xctest; sourceTree = BUILT_PRODUCTS_DIR; };
		8531369522812368009EB0D2 /* ReadLetTests.m */ = {isa = PBXFileReference; lastKnownFileType = sourcecode.c.objc; path = ReadLetTests.m; sourceTree = "<group>"; };
		8531369722812368009EB0D2 /* Info.plist */ = {isa = PBXFileReference; lastKnownFileType = text.plist.xml; path = Info.plist; sourceTree = "<group>"; };
		8531369C22812368009EB0D2 /* ReadLetUITests.xctest */ = {isa = PBXFileReference; explicitFileType = wrapper.cfbundle; includeInIndex = 0; path = ReadLetUITests.xctest; sourceTree = BUILT_PRODUCTS_DIR; };
		853136A022812368009EB0D2 /* ReadLetUITests.m */ = {isa = PBXFileReference; lastKnownFileType = sourcecode.c.objc; path = ReadLetUITests.m; sourceTree = "<group>"; };
		853136A222812368009EB0D2 /* Info.plist */ = {isa = PBXFileReference; lastKnownFileType = text.plist.xml; path = Info.plist; sourceTree = "<group>"; };
		853136AF2281241E009EB0D2 /* MainScreenViewController.h */ = {isa = PBXFileReference; lastKnownFileType = sourcecode.c.h; path = MainScreenViewController.h; sourceTree = "<group>"; };
		853136B02281241E009EB0D2 /* MainScreenViewController.m */ = {isa = PBXFileReference; lastKnownFileType = sourcecode.c.objc; path = MainScreenViewController.m; sourceTree = "<group>"; };
		853136B322812471009EB0D2 /* NewsLetter.h */ = {isa = PBXFileReference; lastKnownFileType = sourcecode.c.h; path = NewsLetter.h; sourceTree = "<group>"; };
		853136B422812471009EB0D2 /* NewsLetter.m */ = {isa = PBXFileReference; lastKnownFileType = sourcecode.c.objc; path = NewsLetter.m; sourceTree = "<group>"; };
		853136B722812EA0009EB0D2 /* NewsLetterElementView.h */ = {isa = PBXFileReference; lastKnownFileType = sourcecode.c.h; path = NewsLetterElementView.h; sourceTree = "<group>"; };
		853136B822812EA0009EB0D2 /* NewsLetterElementView.m */ = {isa = PBXFileReference; lastKnownFileType = sourcecode.c.objc; path = NewsLetterElementView.m; sourceTree = "<group>"; };
		853136BA228136D9009EB0D2 /* ContentViewController.h */ = {isa = PBXFileReference; lastKnownFileType = sourcecode.c.h; path = ContentViewController.h; sourceTree = "<group>"; };
		853136BB228136D9009EB0D2 /* ContentViewController.m */ = {isa = PBXFileReference; lastKnownFileType = sourcecode.c.objc; path = ContentViewController.m; sourceTree = "<group>"; };
		85F422172283B723005C655E /* Constants.h */ = {isa = PBXFileReference; lastKnownFileType = sourcecode.c.h; path = Constants.h; sourceTree = "<group>"; };
		8CB698B439D8E6E2E1002968 /* libPods-ReadLetUITests.a */ = {isa = PBXFileReference; explicitFileType = archive.ar; includeInIndex = 0; path = "libPods-ReadLetUITests.a"; sourceTree = BUILT_PRODUCTS_DIR; };
		91DE58EDACE21717CA7DB2D9 /* Pods-ReadLetUITests.release.xcconfig */ = {isa = PBXFileReference; includeInIndex = 1; lastKnownFileType = text.xcconfig; name = "Pods-ReadLetUITests.release.xcconfig"; path = "Pods/Target Support Files/Pods-ReadLetUITests/Pods-ReadLetUITests.release.xcconfig"; sourceTree = "<group>"; };
		9DABDCB74F92E3F0554E60AE /* Pods-ReadLet.release.xcconfig */ = {isa = PBXFileReference; includeInIndex = 1; lastKnownFileType = text.xcconfig; name = "Pods-ReadLet.release.xcconfig"; path = "Pods/Target Support Files/Pods-ReadLet/Pods-ReadLet.release.xcconfig"; sourceTree = "<group>"; };
		9F3C45AF690C6824C6843E00 /* Pods-ReadLetTests.debug.xcconfig */ = {isa = PBXFileReference; includeInIndex = 1; lastKnownFileType = text.xcconfig; name = "Pods-ReadLetTests.debug.xcconfig"; path = "Pods/Target Support Files/Pods-ReadLetTests/Pods-ReadLetTests.debug.xcconfig"; sourceTree = "<group>"; };
		A43AE953BE133F24920DE1EE /* Pods-ReadLetUITests.debug.xcconfig */ = {isa = PBXFileReference; includeInIndex = 1; lastKnownFileType = text.xcconfig; name = "Pods-ReadLetUITests.debug.xcconfig"; path = "Pods/Target Support Files/Pods-ReadLetUITests/Pods-ReadLetUITests.debug.xcconfig"; sourceTree = "<group>"; };
		AC0BD5E1B549AFC1EF947B7E /* libPods-ReadLetTests.a */ = {isa = PBXFileReference; explicitFileType = archive.ar; includeInIndex = 0; path = "libPods-ReadLetTests.a"; sourceTree = BUILT_PRODUCTS_DIR; };
		DA78F9010A7E24EB479D7227 /* Pods-ReadLetTests.release.xcconfig */ = {isa = PBXFileReference; includeInIndex = 1; lastKnownFileType = text.xcconfig; name = "Pods-ReadLetTests.release.xcconfig"; path = "Pods/Target Support Files/Pods-ReadLetTests/Pods-ReadLetTests.release.xcconfig"; sourceTree = "<group>"; };
/* End PBXFileReference section */

/* Begin PBXFrameworksBuildPhase section */
		8531367622812367009EB0D2 /* Frameworks */ = {
			isa = PBXFrameworksBuildPhase;
			buildActionMask = 2147483647;
			files = (
				E905559239350BECC7F0D861 /* libPods-ReadLet.a in Frameworks */,
			);
			runOnlyForDeploymentPostprocessing = 0;
		};
		8531368E22812368009EB0D2 /* Frameworks */ = {
			isa = PBXFrameworksBuildPhase;
			buildActionMask = 2147483647;
			files = (
				3546DE82E24CE450E448EFF9 /* libPods-ReadLetTests.a in Frameworks */,
			);
			runOnlyForDeploymentPostprocessing = 0;
		};
		8531369922812368009EB0D2 /* Frameworks */ = {
			isa = PBXFrameworksBuildPhase;
			buildActionMask = 2147483647;
			files = (
				67BE60C09EE77F37A85192D6 /* libPods-ReadLetUITests.a in Frameworks */,
			);
			runOnlyForDeploymentPostprocessing = 0;
		};
/* End PBXFrameworksBuildPhase section */

/* Begin PBXGroup section */
		6615B4100C5AB1B65F11A82B /* Pods */ = {
			isa = PBXGroup;
			children = (
				56DD1BD48A515D1D65FBA0F3 /* Pods-ReadLet.debug.xcconfig */,
				9DABDCB74F92E3F0554E60AE /* Pods-ReadLet.release.xcconfig */,
				9F3C45AF690C6824C6843E00 /* Pods-ReadLetTests.debug.xcconfig */,
				DA78F9010A7E24EB479D7227 /* Pods-ReadLetTests.release.xcconfig */,
				A43AE953BE133F24920DE1EE /* Pods-ReadLetUITests.debug.xcconfig */,
				91DE58EDACE21717CA7DB2D9 /* Pods-ReadLetUITests.release.xcconfig */,
			);
			name = Pods;
			sourceTree = "<group>";
		};
		72BD154DE3642AFC6479E4D8 /* Frameworks */ = {
			isa = PBXGroup;
			children = (
				2253829BDE3607337ABC26D1 /* libPods-ReadLet.a */,
				AC0BD5E1B549AFC1EF947B7E /* libPods-ReadLetTests.a */,
				8CB698B439D8E6E2E1002968 /* libPods-ReadLetUITests.a */,
			);
			name = Frameworks;
			sourceTree = "<group>";
		};
		8531367022812367009EB0D2 = {
			isa = PBXGroup;
			children = (
				8531367B22812367009EB0D2 /* ReadLet */,
				8531369422812368009EB0D2 /* ReadLetTests */,
				8531369F22812368009EB0D2 /* ReadLetUITests */,
				8531367A22812367009EB0D2 /* Products */,
				6615B4100C5AB1B65F11A82B /* Pods */,
				72BD154DE3642AFC6479E4D8 /* Frameworks */,
			);
			sourceTree = "<group>";
		};
		8531367A22812367009EB0D2 /* Products */ = {
			isa = PBXGroup;
			children = (
				8531367922812367009EB0D2 /* ReadLet.app */,
				8531369122812368009EB0D2 /* ReadLetTests.xctest */,
				8531369C22812368009EB0D2 /* ReadLetUITests.xctest */,
			);
			name = Products;
			sourceTree = "<group>";
		};
		8531367B22812367009EB0D2 /* ReadLet */ = {
			isa = PBXGroup;
			children = (
				853136B622812D1C009EB0D2 /* Views */,
				853136B222812458009EB0D2 /* Model */,
				853136AE22812408009EB0D2 /* ViewController */,
				8531367C22812367009EB0D2 /* AppDelegate.h */,
				8531367D22812367009EB0D2 /* AppDelegate.m */,
				8531367F22812367009EB0D2 /* ViewController.h */,
				8531368022812367009EB0D2 /* ViewController.m */,
				8531368522812368009EB0D2 /* Assets.xcassets */,
				8531368A22812368009EB0D2 /* Info.plist */,
				8531368B22812368009EB0D2 /* main.m */,
				85F422172283B723005C655E /* Constants.h */,
			);
			path = ReadLet;
			sourceTree = "<group>";
		};
		8531369422812368009EB0D2 /* ReadLetTests */ = {
			isa = PBXGroup;
			children = (
				8531369522812368009EB0D2 /* ReadLetTests.m */,
				8531369722812368009EB0D2 /* Info.plist */,
			);
			path = ReadLetTests;
			sourceTree = "<group>";
		};
		8531369F22812368009EB0D2 /* ReadLetUITests */ = {
			isa = PBXGroup;
			children = (
				853136A022812368009EB0D2 /* ReadLetUITests.m */,
				853136A222812368009EB0D2 /* Info.plist */,
			);
			path = ReadLetUITests;
			sourceTree = "<group>";
		};
		853136AE22812408009EB0D2 /* ViewController */ = {
			isa = PBXGroup;
			children = (
				853136AF2281241E009EB0D2 /* MainScreenViewController.h */,
				853136B02281241E009EB0D2 /* MainScreenViewController.m */,
				853136BA228136D9009EB0D2 /* ContentViewController.h */,
				853136BB228136D9009EB0D2 /* ContentViewController.m */,
			);
			path = ViewController;
			sourceTree = "<group>";
		};
		853136B222812458009EB0D2 /* Model */ = {
			isa = PBXGroup;
			children = (
				853136B322812471009EB0D2 /* NewsLetter.h */,
				853136B422812471009EB0D2 /* NewsLetter.m */,
			);
			path = Model;
			sourceTree = "<group>";
		};
		853136B622812D1C009EB0D2 /* Views */ = {
			isa = PBXGroup;
			children = (
				853136B722812EA0009EB0D2 /* NewsLetterElementView.h */,
				853136B822812EA0009EB0D2 /* NewsLetterElementView.m */,
			);
			path = Views;
			sourceTree = "<group>";
		};
/* End PBXGroup section */

/* Begin PBXNativeTarget section */
		8531367822812367009EB0D2 /* ReadLet */ = {
			isa = PBXNativeTarget;
			buildConfigurationList = 853136A522812368009EB0D2 /* Build configuration list for PBXNativeTarget "ReadLet" */;
			buildPhases = (
				B54451264AC8252B9DE80017 /* [CP] Check Pods Manifest.lock */,
				8531367522812367009EB0D2 /* Sources */,
				8531367622812367009EB0D2 /* Frameworks */,
				8531367722812367009EB0D2 /* Resources */,
			);
			buildRules = (
			);
			dependencies = (
			);
			name = ReadLet;
			productName = ReadLet;
			productReference = 8531367922812367009EB0D2 /* ReadLet.app */;
			productType = "com.apple.product-type.application";
		};
		8531369022812368009EB0D2 /* ReadLetTests */ = {
			isa = PBXNativeTarget;
			buildConfigurationList = 853136A822812368009EB0D2 /* Build configuration list for PBXNativeTarget "ReadLetTests" */;
			buildPhases = (
				24B5D5141BE411630BE3F1E6 /* [CP] Check Pods Manifest.lock */,
				8531368D22812368009EB0D2 /* Sources */,
				8531368E22812368009EB0D2 /* Frameworks */,
				8531368F22812368009EB0D2 /* Resources */,
			);
			buildRules = (
			);
			dependencies = (
				8531369322812368009EB0D2 /* PBXTargetDependency */,
			);
			name = ReadLetTests;
			productName = ReadLetTests;
			productReference = 8531369122812368009EB0D2 /* ReadLetTests.xctest */;
			productType = "com.apple.product-type.bundle.unit-test";
		};
		8531369B22812368009EB0D2 /* ReadLetUITests */ = {
			isa = PBXNativeTarget;
			buildConfigurationList = 853136AB22812368009EB0D2 /* Build configuration list for PBXNativeTarget "ReadLetUITests" */;
			buildPhases = (
				802660ED18A4EE9872757701 /* [CP] Check Pods Manifest.lock */,
				8531369822812368009EB0D2 /* Sources */,
				8531369922812368009EB0D2 /* Frameworks */,
				8531369A22812368009EB0D2 /* Resources */,
			);
			buildRules = (
			);
			dependencies = (
				8531369E22812368009EB0D2 /* PBXTargetDependency */,
			);
			name = ReadLetUITests;
			productName = ReadLetUITests;
			productReference = 8531369C22812368009EB0D2 /* ReadLetUITests.xctest */;
			productType = "com.apple.product-type.bundle.ui-testing";
		};
/* End PBXNativeTarget section */

/* Begin PBXProject section */
		8531367122812367009EB0D2 /* Project object */ = {
			isa = PBXProject;
			attributes = {
				LastUpgradeCheck = 1020;
				ORGANIZATIONNAME = "Rely Labs";
				TargetAttributes = {
					8531367822812367009EB0D2 = {
						CreatedOnToolsVersion = 10.2;
					};
					8531369022812368009EB0D2 = {
						CreatedOnToolsVersion = 10.2;
						TestTargetID = 8531367822812367009EB0D2;
					};
					8531369B22812368009EB0D2 = {
						CreatedOnToolsVersion = 10.2;
						TestTargetID = 8531367822812367009EB0D2;
					};
				};
			};
			buildConfigurationList = 8531367422812367009EB0D2 /* Build configuration list for PBXProject "ReadLet" */;
			compatibilityVersion = "Xcode 9.3";
			developmentRegion = en;
			hasScannedForEncodings = 0;
			knownRegions = (
				en,
				Base,
			);
			mainGroup = 8531367022812367009EB0D2;
			productRefGroup = 8531367A22812367009EB0D2 /* Products */;
			projectDirPath = "";
			projectRoot = "";
			targets = (
				8531367822812367009EB0D2 /* ReadLet */,
				8531369022812368009EB0D2 /* ReadLetTests */,
				8531369B22812368009EB0D2 /* ReadLetUITests */,
			);
		};
/* End PBXProject section */

/* Begin PBXResourcesBuildPhase section */
		8531367722812367009EB0D2 /* Resources */ = {
			isa = PBXResourcesBuildPhase;
			buildActionMask = 2147483647;
			files = (
				8531368622812368009EB0D2 /* Assets.xcassets in Resources */,
			);
			runOnlyForDeploymentPostprocessing = 0;
		};
		8531368F22812368009EB0D2 /* Resources */ = {
			isa = PBXResourcesBuildPhase;
			buildActionMask = 2147483647;
			files = (
			);
			runOnlyForDeploymentPostprocessing = 0;
		};
		8531369A22812368009EB0D2 /* Resources */ = {
			isa = PBXResourcesBuildPhase;
			buildActionMask = 2147483647;
			files = (
			);
			runOnlyForDeploymentPostprocessing = 0;
		};
/* End PBXResourcesBuildPhase section */

/* Begin PBXShellScriptBuildPhase section */
		24B5D5141BE411630BE3F1E6 /* [CP] Check Pods Manifest.lock */ = {
			isa = PBXShellScriptBuildPhase;
			buildActionMask = 2147483647;
			files = (
			);
			inputFileListPaths = (
			);
			inputPaths = (
				"${PODS_PODFILE_DIR_PATH}/Podfile.lock",
				"${PODS_ROOT}/Manifest.lock",
			);
			name = "[CP] Check Pods Manifest.lock";
			outputFileListPaths = (
			);
			outputPaths = (
				"$(DERIVED_FILE_DIR)/Pods-ReadLetTests-checkManifestLockResult.txt",
			);
			runOnlyForDeploymentPostprocessing = 0;
			shellPath = /bin/sh;
			shellScript = "diff \"${PODS_PODFILE_DIR_PATH}/Podfile.lock\" \"${PODS_ROOT}/Manifest.lock\" > /dev/null\nif [ $? != 0 ] ; then\n    # print error to STDERR\n    echo \"error: The sandbox is not in sync with the Podfile.lock. Run 'pod install' or update your CocoaPods installation.\" >&2\n    exit 1\nfi\n# This output is used by Xcode 'outputs' to avoid re-running this script phase.\necho \"SUCCESS\" > \"${SCRIPT_OUTPUT_FILE_0}\"\n";
			showEnvVarsInLog = 0;
		};
		802660ED18A4EE9872757701 /* [CP] Check Pods Manifest.lock */ = {
			isa = PBXShellScriptBuildPhase;
			buildActionMask = 2147483647;
			files = (
			);
			inputFileListPaths = (
			);
			inputPaths = (
				"${PODS_PODFILE_DIR_PATH}/Podfile.lock",
				"${PODS_ROOT}/Manifest.lock",
			);
			name = "[CP] Check Pods Manifest.lock";
			outputFileListPaths = (
			);
			outputPaths = (
				"$(DERIVED_FILE_DIR)/Pods-ReadLetUITests-checkManifestLockResult.txt",
			);
			runOnlyForDeploymentPostprocessing = 0;
			shellPath = /bin/sh;
			shellScript = "diff \"${PODS_PODFILE_DIR_PATH}/Podfile.lock\" \"${PODS_ROOT}/Manifest.lock\" > /dev/null\nif [ $? != 0 ] ; then\n    # print error to STDERR\n    echo \"error: The sandbox is not in sync with the Podfile.lock. Run 'pod install' or update your CocoaPods installation.\" >&2\n    exit 1\nfi\n# This output is used by Xcode 'outputs' to avoid re-running this script phase.\necho \"SUCCESS\" > \"${SCRIPT_OUTPUT_FILE_0}\"\n";
			showEnvVarsInLog = 0;
		};
		B54451264AC8252B9DE80017 /* [CP] Check Pods Manifest.lock */ = {
			isa = PBXShellScriptBuildPhase;
			buildActionMask = 2147483647;
			files = (
			);
			inputFileListPaths = (
			);
			inputPaths = (
				"${PODS_PODFILE_DIR_PATH}/Podfile.lock",
				"${PODS_ROOT}/Manifest.lock",
			);
			name = "[CP] Check Pods Manifest.lock";
			outputFileListPaths = (
			);
			outputPaths = (
				"$(DERIVED_FILE_DIR)/Pods-ReadLet-checkManifestLockResult.txt",
			);
			runOnlyForDeploymentPostprocessing = 0;
			shellPath = /bin/sh;
			shellScript = "diff \"${PODS_PODFILE_DIR_PATH}/Podfile.lock\" \"${PODS_ROOT}/Manifest.lock\" > /dev/null\nif [ $? != 0 ] ; then\n    # print error to STDERR\n    echo \"error: The sandbox is not in sync with the Podfile.lock. Run 'pod install' or update your CocoaPods installation.\" >&2\n    exit 1\nfi\n# This output is used by Xcode 'outputs' to avoid re-running this script phase.\necho \"SUCCESS\" > \"${SCRIPT_OUTPUT_FILE_0}\"\n";
			showEnvVarsInLog = 0;
		};
/* End PBXShellScriptBuildPhase section */

/* Begin PBXSourcesBuildPhase section */
		8531367522812367009EB0D2 /* Sources */ = {
			isa = PBXSourcesBuildPhase;
			buildActionMask = 2147483647;
			files = (
				853136B922812EA0009EB0D2 /* NewsLetterElementView.m in Sources */,
				853136BC228136D9009EB0D2 /* ContentViewController.m in Sources */,
				8531368122812367009EB0D2 /* ViewController.m in Sources */,
				853136B12281241E009EB0D2 /* MainScreenViewController.m in Sources */,
				853136B522812471009EB0D2 /* NewsLetter.m in Sources */,
				8531368C22812368009EB0D2 /* main.m in Sources */,
				8531367E22812367009EB0D2 /* AppDelegate.m in Sources */,
			);
			runOnlyForDeploymentPostprocessing = 0;
		};
		8531368D22812368009EB0D2 /* Sources */ = {
			isa = PBXSourcesBuildPhase;
			buildActionMask = 2147483647;
			files = (
				8531369622812368009EB0D2 /* ReadLetTests.m in Sources */,
			);
			runOnlyForDeploymentPostprocessing = 0;
		};
		8531369822812368009EB0D2 /* Sources */ = {
			isa = PBXSourcesBuildPhase;
			buildActionMask = 2147483647;
			files = (
				853136A122812368009EB0D2 /* ReadLetUITests.m in Sources */,
			);
			runOnlyForDeploymentPostprocessing = 0;
		};
/* End PBXSourcesBuildPhase section */

/* Begin PBXTargetDependency section */
		8531369322812368009EB0D2 /* PBXTargetDependency */ = {
			isa = PBXTargetDependency;
			target = 8531367822812367009EB0D2 /* ReadLet */;
			targetProxy = 8531369222812368009EB0D2 /* PBXContainerItemProxy */;
		};
		8531369E22812368009EB0D2 /* PBXTargetDependency */ = {
			isa = PBXTargetDependency;
			target = 8531367822812367009EB0D2 /* ReadLet */;
			targetProxy = 8531369D22812368009EB0D2 /* PBXContainerItemProxy */;
		};
/* End PBXTargetDependency section */

/* Begin XCBuildConfiguration section */
		853136A322812368009EB0D2 /* Debug */ = {
			isa = XCBuildConfiguration;
			buildSettings = {
				ALWAYS_SEARCH_USER_PATHS = NO;
				CLANG_ANALYZER_NONNULL = YES;
				CLANG_ANALYZER_NUMBER_OBJECT_CONVERSION = YES_AGGRESSIVE;
				CLANG_CXX_LANGUAGE_STANDARD = "gnu++14";
				CLANG_CXX_LIBRARY = "libc++";
				CLANG_ENABLE_MODULES = YES;
				CLANG_ENABLE_OBJC_ARC = YES;
				CLANG_ENABLE_OBJC_WEAK = YES;
				CLANG_WARN_BLOCK_CAPTURE_AUTORELEASING = YES;
				CLANG_WARN_BOOL_CONVERSION = YES;
				CLANG_WARN_COMMA = YES;
				CLANG_WARN_CONSTANT_CONVERSION = YES;
				CLANG_WARN_DEPRECATED_OBJC_IMPLEMENTATIONS = YES;
				CLANG_WARN_DIRECT_OBJC_ISA_USAGE = YES_ERROR;
				CLANG_WARN_DOCUMENTATION_COMMENTS = YES;
				CLANG_WARN_EMPTY_BODY = YES;
				CLANG_WARN_ENUM_CONVERSION = YES;
				CLANG_WARN_INFINITE_RECURSION = YES;
				CLANG_WARN_INT_CONVERSION = YES;
				CLANG_WARN_NON_LITERAL_NULL_CONVERSION = YES;
				CLANG_WARN_OBJC_IMPLICIT_RETAIN_SELF = YES;
				CLANG_WARN_OBJC_LITERAL_CONVERSION = YES;
				CLANG_WARN_OBJC_ROOT_CLASS = YES_ERROR;
				CLANG_WARN_RANGE_LOOP_ANALYSIS = YES;
				CLANG_WARN_STRICT_PROTOTYPES = YES;
				CLANG_WARN_SUSPICIOUS_MOVE = YES;
				CLANG_WARN_UNGUARDED_AVAILABILITY = YES_AGGRESSIVE;
				CLANG_WARN_UNREACHABLE_CODE = YES;
				CLANG_WARN__DUPLICATE_METHOD_MATCH = YES;
				CODE_SIGN_IDENTITY = "iPhone Developer";
				COPY_PHASE_STRIP = NO;
				DEBUG_INFORMATION_FORMAT = dwarf;
				ENABLE_STRICT_OBJC_MSGSEND = YES;
				ENABLE_TESTABILITY = YES;
				GCC_C_LANGUAGE_STANDARD = gnu11;
				GCC_DYNAMIC_NO_PIC = NO;
				GCC_NO_COMMON_BLOCKS = YES;
				GCC_OPTIMIZATION_LEVEL = 0;
				GCC_PREPROCESSOR_DEFINITIONS = (
					"DEBUG=1",
					"$(inherited)",
				);
				GCC_WARN_64_TO_32_BIT_CONVERSION = YES;
				GCC_WARN_ABOUT_RETURN_TYPE = YES_ERROR;
				GCC_WARN_UNDECLARED_SELECTOR = YES;
				GCC_WARN_UNINITIALIZED_AUTOS = YES_AGGRESSIVE;
				GCC_WARN_UNUSED_FUNCTION = YES;
				GCC_WARN_UNUSED_VARIABLE = YES;
				IPHONEOS_DEPLOYMENT_TARGET = 12.2;
				MTL_ENABLE_DEBUG_INFO = INCLUDE_SOURCE;
				MTL_FAST_MATH = YES;
				ONLY_ACTIVE_ARCH = YES;
				SDKROOT = iphoneos;
			};
			name = Debug;
		};
		853136A422812368009EB0D2 /* Release */ = {
			isa = XCBuildConfiguration;
			buildSettings = {
				ALWAYS_SEARCH_USER_PATHS = NO;
				CLANG_ANALYZER_NONNULL = YES;
				CLANG_ANALYZER_NUMBER_OBJECT_CONVERSION = YES_AGGRESSIVE;
				CLANG_CXX_LANGUAGE_STANDARD = "gnu++14";
				CLANG_CXX_LIBRARY = "libc++";
				CLANG_ENABLE_MODULES = YES;
				CLANG_ENABLE_OBJC_ARC = YES;
				CLANG_ENABLE_OBJC_WEAK = YES;
				CLANG_WARN_BLOCK_CAPTURE_AUTORELEASING = YES;
				CLANG_WARN_BOOL_CONVERSION = YES;
				CLANG_WARN_COMMA = YES;
				CLANG_WARN_CONSTANT_CONVERSION = YES;
				CLANG_WARN_DEPRECATED_OBJC_IMPLEMENTATIONS = YES;
				CLANG_WARN_DIRECT_OBJC_ISA_USAGE = YES_ERROR;
				CLANG_WARN_DOCUMENTATION_COMMENTS = YES;
				CLANG_WARN_EMPTY_BODY = YES;
				CLANG_WARN_ENUM_CONVERSION = YES;
				CLANG_WARN_INFINITE_RECURSION = YES;
				CLANG_WARN_INT_CONVERSION = YES;
				CLANG_WARN_NON_LITERAL_NULL_CONVERSION = YES;
				CLANG_WARN_OBJC_IMPLICIT_RETAIN_SELF = YES;
				CLANG_WARN_OBJC_LITERAL_CONVERSION = YES;
				CLANG_WARN_OBJC_ROOT_CLASS = YES_ERROR;
				CLANG_WARN_RANGE_LOOP_ANALYSIS = YES;
				CLANG_WARN_STRICT_PROTOTYPES = YES;
				CLANG_WARN_SUSPICIOUS_MOVE = YES;
				CLANG_WARN_UNGUARDED_AVAILABILITY = YES_AGGRESSIVE;
				CLANG_WARN_UNREACHABLE_CODE = YES;
				CLANG_WARN__DUPLICATE_METHOD_MATCH = YES;
				CODE_SIGN_IDENTITY = "iPhone Developer";
				COPY_PHASE_STRIP = NO;
				DEBUG_INFORMATION_FORMAT = "dwarf-with-dsym";
				ENABLE_NS_ASSERTIONS = NO;
				ENABLE_STRICT_OBJC_MSGSEND = YES;
				GCC_C_LANGUAGE_STANDARD = gnu11;
				GCC_NO_COMMON_BLOCKS = YES;
				GCC_WARN_64_TO_32_BIT_CONVERSION = YES;
				GCC_WARN_ABOUT_RETURN_TYPE = YES_ERROR;
				GCC_WARN_UNDECLARED_SELECTOR = YES;
				GCC_WARN_UNINITIALIZED_AUTOS = YES_AGGRESSIVE;
				GCC_WARN_UNUSED_FUNCTION = YES;
				GCC_WARN_UNUSED_VARIABLE = YES;
				IPHONEOS_DEPLOYMENT_TARGET = 12.2;
				MTL_ENABLE_DEBUG_INFO = NO;
				MTL_FAST_MATH = YES;
				SDKROOT = iphoneos;
				VALIDATE_PRODUCT = YES;
			};
			name = Release;
		};
		853136A622812368009EB0D2 /* Debug */ = {
			isa = XCBuildConfiguration;
			baseConfigurationReference = 56DD1BD48A515D1D65FBA0F3 /* Pods-ReadLet.debug.xcconfig */;
			buildSettings = {
				ASSETCATALOG_COMPILER_APPICON_NAME = AppIcon;
				CODE_SIGN_STYLE = Automatic;
				DEVELOPMENT_TEAM = UC693DJEZK;
				INFOPLIST_FILE = ReadLet/Info.plist;
				LD_RUNPATH_SEARCH_PATHS = (
					"$(inherited)",
					"@executable_path/Frameworks",
				);
				PRODUCT_BUNDLE_IDENTIFIER = com.relylabs.ReadLet;
				PRODUCT_NAME = "$(TARGET_NAME)";
				TARGETED_DEVICE_FAMILY = "1,2";
			};
			name = Debug;
		};
		853136A722812368009EB0D2 /* Release */ = {
			isa = XCBuildConfiguration;
			baseConfigurationReference = 9DABDCB74F92E3F0554E60AE /* Pods-ReadLet.release.xcconfig */;
			buildSettings = {
				ASSETCATALOG_COMPILER_APPICON_NAME = AppIcon;
				CODE_SIGN_STYLE = Automatic;
				DEVELOPMENT_TEAM = UC693DJEZK;
				INFOPLIST_FILE = ReadLet/Info.plist;
				LD_RUNPATH_SEARCH_PATHS = (
					"$(inherited)",
					"@executable_path/Frameworks",
				);
				PRODUCT_BUNDLE_IDENTIFIER = com.relylabs.ReadLet;
				PRODUCT_NAME = "$(TARGET_NAME)";
				TARGETED_DEVICE_FAMILY = "1,2";
			};
			name = Release;
		};
		853136A922812368009EB0D2 /* Debug */ = {
			isa = XCBuildConfiguration;
			baseConfigurationReference = 9F3C45AF690C6824C6843E00 /* Pods-ReadLetTests.debug.xcconfig */;
			buildSettings = {
				BUNDLE_LOADER = "$(TEST_HOST)";
				CODE_SIGN_STYLE = Automatic;
				DEVELOPMENT_TEAM = UC693DJEZK;
				INFOPLIST_FILE = ReadLetTests/Info.plist;
				LD_RUNPATH_SEARCH_PATHS = (
					"$(inherited)",
					"@executable_path/Frameworks",
					"@loader_path/Frameworks",
				);
				PRODUCT_BUNDLE_IDENTIFIER = com.relylabs.ReadLetTests;
				PRODUCT_NAME = "$(TARGET_NAME)";
				TARGETED_DEVICE_FAMILY = "1,2";
				TEST_HOST = "$(BUILT_PRODUCTS_DIR)/ReadLet.app/ReadLet";
			};
			name = Debug;
		};
		853136AA22812368009EB0D2 /* Release */ = {
			isa = XCBuildConfiguration;
			baseConfigurationReference = DA78F9010A7E24EB479D7227 /* Pods-ReadLetTests.release.xcconfig */;
			buildSettings = {
				BUNDLE_LOADER = "$(TEST_HOST)";
				CODE_SIGN_STYLE = Automatic;
				DEVELOPMENT_TEAM = UC693DJEZK;
				INFOPLIST_FILE = ReadLetTests/Info.plist;
				LD_RUNPATH_SEARCH_PATHS = (
					"$(inherited)",
					"@executable_path/Frameworks",
					"@loader_path/Frameworks",
				);
				PRODUCT_BUNDLE_IDENTIFIER = com.relylabs.ReadLetTests;
				PRODUCT_NAME = "$(TARGET_NAME)";
				TARGETED_DEVICE_FAMILY = "1,2";
				TEST_HOST = "$(BUILT_PRODUCTS_DIR)/ReadLet.app/ReadLet";
			};
			name = Release;
		};
		853136AC22812368009EB0D2 /* Debug */ = {
			isa = XCBuildConfiguration;
			baseConfigurationReference = A43AE953BE133F24920DE1EE /* Pods-ReadLetUITests.debug.xcconfig */;
			buildSettings = {
				CODE_SIGN_STYLE = Automatic;
				DEVELOPMENT_TEAM = UC693DJEZK;
				INFOPLIST_FILE = ReadLetUITests/Info.plist;
				LD_RUNPATH_SEARCH_PATHS = (
					"$(inherited)",
					"@executable_path/Frameworks",
					"@loader_path/Frameworks",
				);
				PRODUCT_BUNDLE_IDENTIFIER = com.relylabs.ReadLetUITests;
				PRODUCT_NAME = "$(TARGET_NAME)";
				TARGETED_DEVICE_FAMILY = "1,2";
				TEST_TARGET_NAME = ReadLet;
			};
			name = Debug;
		};
		853136AD22812368009EB0D2 /* Release */ = {
			isa = XCBuildConfiguration;
			baseConfigurationReference = 91DE58EDACE21717CA7DB2D9 /* Pods-ReadLetUITests.release.xcconfig */;
			buildSettings = {
				CODE_SIGN_STYLE = Automatic;
				DEVELOPMENT_TEAM = UC693DJEZK;
				INFOPLIST_FILE = ReadLetUITests/Info.plist;
				LD_RUNPATH_SEARCH_PATHS = (
					"$(inherited)",
					"@executable_path/Frameworks",
					"@loader_path/Frameworks",
				);
				PRODUCT_BUNDLE_IDENTIFIER = com.relylabs.ReadLetUITests;
				PRODUCT_NAME = "$(TARGET_NAME)";
				TARGETED_DEVICE_FAMILY = "1,2";
				TEST_TARGET_NAME = ReadLet;
			};
			name = Release;
		};
/* End XCBuildConfiguration section */

/* Begin XCConfigurationList section */
		8531367422812367009EB0D2 /* Build configuration list for PBXProject "ReadLet" */ = {
			isa = XCConfigurationList;
			buildConfigurations = (
				853136A322812368009EB0D2 /* Debug */,
				853136A422812368009EB0D2 /* Release */,
			);
			defaultConfigurationIsVisible = 0;
			defaultConfigurationName = Release;
		};
		853136A522812368009EB0D2 /* Build configuration list for PBXNativeTarget "ReadLet" */ = {
			isa = XCConfigurationList;
			buildConfigurations = (
				853136A622812368009EB0D2 /* Debug */,
				853136A722812368009EB0D2 /* Release */,
			);
			defaultConfigurationIsVisible = 0;
			defaultConfigurationName = Release;
		};
		853136A822812368009EB0D2 /* Build configuration list for PBXNativeTarget "ReadLetTests" */ = {
			isa = XCConfigurationList;
			buildConfigurations = (
				853136A922812368009EB0D2 /* Debug */,
				853136AA22812368009EB0D2 /* Release */,
			);
			defaultConfigurationIsVisible = 0;
			defaultConfigurationName = Release;
		};
		853136AB22812368009EB0D2 /* Build configuration list for PBXNativeTarget "ReadLetUITests" */ = {
			isa = XCConfigurationList;
			buildConfigurations = (
				853136AC22812368009EB0D2 /* Debug */,
				853136AD22812368009EB0D2 /* Release */,
			);
			defaultConfigurationIsVisible = 0;
			defaultConfigurationName = Release;
		};
/* End XCConfigurationList section */
	};
	rootObject = 8531367122812367009EB0D2 /* Project object */;
}
